// !$*UTF8*$!
{
	archiveVersion = 1;
	classes = {
	};
	objectVersion = 46;
	objects = {

/* Begin PBXBuildFile section */
		BE0D40611C239D5600A86B1F /* main.swift in Sources */ = {isa = PBXBuildFile; fileRef = BE0D40601C239D5600A86B1F /* main.swift */; };
		BE42EFE41C23B55500AED553 /* versions.txt in CopyFiles */ = {isa = PBXBuildFile; fileRef = BE0D40691C239EE600A86B1F /* versions.txt */; };
/* End PBXBuildFile section */

/* Begin PBXCopyFilesBuildPhase section */
		BE0D405B1C239D5600A86B1F /* CopyFiles */ = {
			isa = PBXCopyFilesBuildPhase;
			buildActionMask = 2147483647;
			dstPath = /usr/share/man/man1/;
			dstSubfolderSpec = 0;
			files = (
			);
			runOnlyForDeploymentPostprocessing = 1;
		};
		BE42EFE31C23B53600AED553 /* CopyFiles */ = {
			isa = PBXCopyFilesBuildPhase;
			buildActionMask = 2147483647;
			dstPath = "";
			dstSubfolderSpec = 7;
			files = (
				BE42EFE41C23B55500AED553 /* versions.txt in CopyFiles */,
			);
			runOnlyForDeploymentPostprocessing = 0;
		};
/* End PBXCopyFilesBuildPhase section */

/* Begin PBXFileReference section */
		BE0D405D1C239D5600A86B1F /* VersionNumber */ = {isa = PBXFileReference; explicitFileType = "compiled.mach-o.executable"; includeInIndex = 0; path = VersionNumber; sourceTree = BUILT_PRODUCTS_DIR; };
		BE0D40601C239D5600A86B1F /* main.swift */ = {isa = PBXFileReference; lastKnownFileType = sourcecode.swift; path = main.swift; sourceTree = "<group>"; };
		BE0D40691C239EE600A86B1F /* versions.txt */ = {isa = PBXFileReference; fileEncoding = 4; lastKnownFileType = text; name = versions.txt; path = VersionNumber/versions.txt; sourceTree = "<group>"; };
/* End PBXFileReference section */

/* Begin PBXFrameworksBuildPhase section */
		BE0D405A1C239D5600A86B1F /* Frameworks */ = {
			isa = PBXFrameworksBuildPhase;
			buildActionMask = 2147483647;
			files = (
			);
			runOnlyForDeploymentPostprocessing = 0;
		};
/* End PBXFrameworksBuildPhase section */

/* Begin PBXGroup section */
		BE0D40541C239D5600A86B1F = {
			isa = PBXGroup;
			children = (
				BE0D40671C239D7B00A86B1F /* Files */,
				BE0D405F1C239D5600A86B1F /* VersionNumber */,
				BE0D405E1C239D5600A86B1F /* Products */,
			);
			sourceTree = "<group>";
		};
		BE0D405E1C239D5600A86B1F /* Products */ = {
			isa = PBXGroup;
			children = (
				BE0D405D1C239D5600A86B1F /* VersionNumber */,
			);
			name = Products;
			sourceTree = "<group>";
		};
		BE0D405F1C239D5600A86B1F /* VersionNumber */ = {
			isa = PBXGroup;
			children = (
				BE0D40601C239D5600A86B1F /* main.swift */,
			);
			path = VersionNumber;
			sourceTree = "<group>";
		};
		BE0D40671C239D7B00A86B1F /* Files */ = {
			isa = PBXGroup;
			children = (
				BE0D40691C239EE600A86B1F /* versions.txt */,
			);
			name = Files;
			sourceTree = "<group>";
		};
/* End PBXGroup section */

/* Begin PBXNativeTarget section */
		BE0D405C1C239D5600A86B1F /* VersionNumber */ = {
			isa = PBXNativeTarget;
			buildConfigurationList = BE0D40641C239D5600A86B1F /* Build configuration list for PBXNativeTarget "VersionNumber" */;
			buildPhases = (
				BE0D40591C239D5600A86B1F /* Sources */,
				BE0D405A1C239D5600A86B1F /* Frameworks */,
				BE0D405B1C239D5600A86B1F /* CopyFiles */,
				BE42EFE31C23B53600AED553 /* CopyFiles */,
			);
			buildRules = (
			);
			dependencies = (
			);
			name = VersionNumber;
			productName = VersionNumber;
			productReference = BE0D405D1C239D5600A86B1F /* VersionNumber */;
			productType = "com.apple.product-type.tool";
		};
/* End PBXNativeTarget section */

/* Begin PBXProject section */
		BE0D40551C239D5600A86B1F /* Project object */ = {
			isa = PBXProject;
			attributes = {
				LastSwiftUpdateCheck = 0710;
				LastUpgradeCheck = 0710;
				ORGANIZATIONNAME = ZACH;
				TargetAttributes = {
					BE0D405C1C239D5600A86B1F = {
						CreatedOnToolsVersion = 7.1;
					};
				};
			};
			buildConfigurationList = BE0D40581C239D5600A86B1F /* Build configuration list for PBXProject "VersionNumber" */;
			compatibilityVersion = "Xcode 3.2";
			developmentRegion = English;
			hasScannedForEncodings = 0;
			knownRegions = (
				en,
			);
			mainGroup = BE0D40541C239D5600A86B1F;
			productRefGroup = BE0D405E1C239D5600A86B1F /* Products */;
			projectDirPath = "";
			projectRoot = "";
			targets = (
				BE0D405C1C239D5600A86B1F /* VersionNumber */,
			);
		};
/* End PBXProject section */

/* Begin PBXSourcesBuildPhase section */
		BE0D40591C239D5600A86B1F /* Sources */ = {
			isa = PBXSourcesBuildPhase;
			buildActionMask = 2147483647;
			files = (
				BE0D40611C239D5600A86B1F /* main.swift in Sources */,
			);
			runOnlyForDeploymentPostprocessing = 0;
		};
/* End PBXSourcesBuildPhase section */

/* Begin XCBuildConfiguration section */
		BE0D40621C239D5600A86B1F /* Debug */ = {
			isa = XCBuildConfiguration;
			buildSettings = {
				ALWAYS_SEARCH_USER_PATHS = NO;
				CLANG_CXX_LANGUAGE_STANDARD = "gnu++0x";
				CLANG_CXX_LIBRARY = "libc++";
				CLANG_ENABLE_MODULES = YES;
				CLANG_ENABLE_OBJC_ARC = YES;
				CLANG_WARN_BOOL_CONVERSION = YES;
				CLANG_WARN_CONSTANT_CONVERSION = YES;
				CLANG_WARN_DIRECT_OBJC_ISA_USAGE = YES_ERROR;
				CLANG_WARN_EMPTY_BODY = YES;
				CLANG_WARN_ENUM_CONVERSION = YES;
				CLANG_WARN_INT_CONVERSION = YES;
				CLANG_WARN_OBJC_ROOT_CLASS = YES_ERROR;
				CLANG_WARN_UNREACHABLE_CODE = YES;
				CLANG_WARN__DUPLICATE_METHOD_MATCH = YES;
				CODE_SIGN_IDENTITY = "-";
				COPY_PHASE_STRIP = NO;
				DEBUG_INFORMATION_FORMAT = dwarf;
				ENABLE_STRICT_OBJC_MSGSEND = YES;
				ENABLE_TESTABILITY = YES;
				GCC_C_LANGUAGE_STANDARD = gnu99;
				GCC_DYNAMIC_NO_PIC = NO;
				GCC_NO_COMMON_BLOCKS = YES;
				GCC_OPTIMIZATION_LEVEL = 0;
				GCC_PREPROCESSOR_DEFINITIONS = (
					"DEBUG=1",
					"$(inherited)",
				);
				GCC_WARN_64_TO_32_BIT_CONVERSION = YES;
				GCC_WARN_ABOUT_RETURN_TYPE = YES_ERROR;
				GCC_WARN_UNDECLARED_SELECTOR = YES;
				GCC_WARN_UNINITIALIZED_AUTOS = YES_AGGRESSIVE;
				GCC_WARN_UNUSED_FUNCTION = YES;
				GCC_WARN_UNUSED_VARIABLE = YES;
				MACOSX_DEPLOYMENT_TARGET = 10.11;
				MTL_ENABLE_DEBUG_INFO = YES;
				ONLY_ACTIVE_ARCH = YES;
				SDKROOT = macosx;
				SWIFT_OPTIMIZATION_LEVEL = "-Onone";
			};
			name = Debug;
		};
		BE0D40631C239D5600A86B1F /* Release */ = {
			isa = XCBuildConfiguration;
			buildSettings = {
				ALWAYS_SEARCH_USER_PATHS = NO;
				CLANG_CXX_LANGUAGE_STANDARD = "gnu++0x";
				CLANG_CXX_LIBRARY = "libc++";
				CLANG_ENABLE_MODULES = YES;
				CLANG_ENABLE_OBJC_ARC = YES;
				CLANG_WARN_BOOL_CONVERSION = YES;
				CLANG_WARN_CONSTANT_CONVERSION = YES;
				CLANG_WARN_DIRECT_OBJC_ISA_USAGE = YES_ERROR;
				CLANG_WARN_EMPTY_BODY = YES;
				CLANG_WARN_ENUM_CONVERSION = YES;
				CLANG_WARN_INT_CONVERSION = YES;
				CLANG_WARN_OBJC_ROOT_CLASS = YES_ERROR;
				CLANG_WARN_UNREACHABLE_CODE = YES;
				CLANG_WARN__DUPLICATE_METHOD_MATCH = YES;
				CODE_SIGN_IDENTITY = "-";
				COPY_PHASE_STRIP = NO;
				DEBUG_INFORMATION_FORMAT = "dwarf-with-dsym";
				ENABLE_NS_ASSERTIONS = NO;
				ENABLE_STRICT_OBJC_MSGSEND = YES;
				GCC_C_LANGUAGE_STANDARD = gnu99;
				GCC_NO_COMMON_BLOCKS = YES;
				GCC_WARN_64_TO_32_BIT_CONVERSION = YES;
				GCC_WARN_ABOUT_RETURN_TYPE = YES_ERROR;
				GCC_WARN_UNDECLARED_SELECTOR = YES;
				GCC_WARN_UNINITIALIZED_AUTOS = YES_AGGRESSIVE;
				GCC_WARN_UNUSED_FUNCTION = YES;
				GCC_WARN_UNUSED_VARIABLE = YES;
				MACOSX_DEPLOYMENT_TARGET = 10.11;
				MTL_ENABLE_DEBUG_INFO = NO;
				SDKROOT = macosx;
			};
			name = Release;
		};
		BE0D40651C239D5600A86B1F /* Debug */ = {
			isa = XCBuildConfiguration;
			buildSettings = {
				PRODUCT_NAME = "$(TARGET_NAME)";
			};
			name = Debug;
		};
		BE0D40661C239D5600A86B1F /* Release */ = {
			isa = XCBuildConfiguration;
			buildSettings = {
				PRODUCT_NAME = "$(TARGET_NAME)";
			};
			name = Release;
		};
/* End XCBuildConfiguration section */

/* Begin XCConfigurationList section */
		BE0D40581C239D5600A86B1F /* Build configuration list for PBXProject "VersionNumber" */ = {
			isa = XCConfigurationList;
			buildConfigurations = (
				BE0D40621C239D5600A86B1F /* Debug */,
				BE0D40631C239D5600A86B1F /* Release */,
			);
			defaultConfigurationIsVisible = 0;
			defaultConfigurationName = Release;
		};
		BE0D40641C239D5600A86B1F /* Build configuration list for PBXNativeTarget "VersionNumber" */ = {
			isa = XCConfigurationList;
			buildConfigurations = (
				BE0D40651C239D5600A86B1F /* Debug */,
				BE0D40661C239D5600A86B1F /* Release */,
			);
			defaultConfigurationIsVisible = 0;
			defaultConfigurationName = Release;
		};
/* End XCConfigurationList section */
	};
	rootObject = BE0D40551C239D5600A86B1F /* Project object */;
}
